github.com/CaiJimmy/hugo-theme-stack/v3 v3.27.0 h1:wVAa/ZimTOkFy/mODH5RXS3R3mlgfAXaDTYs7GccJUw=
github.com/CaiJimmy/hugo-theme-stack/v3 v3.27.0/go.mod h1:IPmCXiIxlFSLFYS0tOmYP6ySLviyeNVSabyvSuaxD+I=
github.com/davidsneighbour/hugo-modules v1.2024.23 h1:37RkkSzAiuFfqw4dIMT41ilpWCFY9ZZDhTPau8r+ICc=
github.com/davidsneighbour/hugo-modules v1.2024.23/go.mod h1:DlL9XGQ9ejf3PF/u2g2vG9JNePmXGBVW8g0WbaCG7Eg=
github.com/davidsneighbour/hugo-modules/modules/giscus v1.2024.5 h1:8gAIj+x+hsTWk4d/LaUtM+EvkoxQxUXZ4ljtohtNZGc=
github.com/davidsneighbour/hugo-modules/modules/giscus v1.2024.5/go.mod h1:F4PJUjhwfl1GzpoHeups4V5KQcbGIvqzgpROFrGrhCo=
